
Microsoft Visual Studio Solution File, Format Version 12.00
# Visual Studio Version 16
VisualStudioVersion = 16.0.30517.126
MinimumVisualStudioVersion = 10.0.40219.1
Project("{FAE04EC0-301F-11D3-BF4B-00C04F79EFBC}") = "Module_2", "Module_2\Module_2.csproj", "{33BF045F-B5A2-4B50-BCE3-2938DEC133FD}"
EndProject
Global
	GlobalSection(SolutionConfigurationPlatforms) = preSolution
		Debug|Any CPU = Debug|Any CPU
		Release|Any CPU = Release|Any CPU
	EndGlobalSection
	GlobalSection(ProjectConfigurationPlatforms) = postSolution
		{33BF045F-B5A2-4B50-BCE3-2938DEC133FD}.Debug|Any CPU.ActiveCfg = Debug|Any CPU
		{33BF045F-B5A2-4B50-BCE3-2938DEC133FD}.Debug|Any CPU.Build.0 = Debug|Any CPU
		{33BF045F-B5A2-4B50-BCE3-2938DEC133FD}.Release|Any CPU.ActiveCfg = Release|Any CPU
		{33BF045F-B5A2-4B50-BCE3-2938DEC133FD}.Release|Any CPU.Build.0 = Release|Any CPU
	EndGlobalSection
	GlobalSection(SolutionProperties) = preSolution
		HideSolutionNode = FALSE
	EndGlobalSection
	GlobalSection(ExtensibilityGlobals) = postSolution
		SolutionGuid = {55CE1825-3FA2-48BA-AB85-3E0A7D6A9D2F}
	EndGlobalSection
EndGlobal
